
Microsoft Visual Studio Solution File, Format Version 12.00
# Visual Studio Version 16
VisualStudioVersion = 16.0.31613.86
MinimumVisualStudioVersion = 10.0.40219.1
Project("{FAE04EC0-301F-11D3-BF4B-00C04F79EFBC}") = "Desafio05.DIO", "Desafio05.DIO\Desafio05.DIO.csproj", "{7156BA4D-DF8E-4790-AE63-BE10EADECD66}"
EndProject
Global
	GlobalSection(SolutionConfigurationPlatforms) = preSolution
		Debug|Any CPU = Debug|Any CPU
		Release|Any CPU = Release|Any CPU
	EndGlobalSection
	GlobalSection(ProjectConfigurationPlatforms) = postSolution
		{7156BA4D-DF8E-4790-AE63-BE10EADECD66}.Debug|Any CPU.ActiveCfg = Debug|Any CPU
		{7156BA4D-DF8E-4790-AE63-BE10EADECD66}.Debug|Any CPU.Build.0 = Debug|Any CPU
		{7156BA4D-DF8E-4790-AE63-BE10EADECD66}.Release|Any CPU.ActiveCfg = Release|Any CPU
		{7156BA4D-DF8E-4790-AE63-BE10EADECD66}.Release|Any CPU.Build.0 = Release|Any CPU
	EndGlobalSection
	GlobalSection(SolutionProperties) = preSolution
		HideSolutionNode = FALSE
	EndGlobalSection
	GlobalSection(ExtensibilityGlobals) = postSolution
		SolutionGuid = {16B8F96B-7B6F-48A3-A0CA-59D3DC814D47}
	EndGlobalSection
EndGlobal
